
Microsoft Visual Studio Solution File, Format Version 12.00
# Visual Studio Version 17
VisualStudioVersion = 17.3.32825.248
MinimumVisualStudioVersion = 10.0.40219.1
Project("{FAE04EC0-301F-11D3-BF4B-00C04F79EFBC}") = "BookRepository22starter", "BookRepository22starter\BookRepository22starter.csproj", "{BA9249E1-9B45-4B57-A195-4ABD14EC41EF}"
EndProject
Global
	GlobalSection(SolutionConfigurationPlatforms) = preSolution
		Debug|Any CPU = Debug|Any CPU
		Release|Any CPU = Release|Any CPU
	EndGlobalSection
	GlobalSection(ProjectConfigurationPlatforms) = postSolution
		{BA9249E1-9B45-4B57-A195-4ABD14EC41EF}.Debug|Any CPU.ActiveCfg = Debug|Any CPU
		{BA9249E1-9B45-4B57-A195-4ABD14EC41EF}.Debug|Any CPU.Build.0 = Debug|Any CPU
		{BA9249E1-9B45-4B57-A195-4ABD14EC41EF}.Release|Any CPU.ActiveCfg = Release|Any CPU
		{BA9249E1-9B45-4B57-A195-4ABD14EC41EF}.Release|Any CPU.Build.0 = Release|Any CPU
	EndGlobalSection
	GlobalSection(SolutionProperties) = preSolution
		HideSolutionNode = FALSE
	EndGlobalSection
	GlobalSection(ExtensibilityGlobals) = postSolution
		SolutionGuid = {19FD66D4-55FC-4F32-B1DA-DBC22F4D72AA}
	EndGlobalSection
EndGlobal
